
Microsoft Visual Studio Solution File, Format Version 12.00
# Visual Studio 15
VisualStudioVersion = 15.0.26403.3
MinimumVisualStudioVersion = 10.0.40219.1
Project("{FAE04EC0-301F-11D3-BF4B-00C04F79EFBC}") = "Task01.MathOperations", "Task01.MathOperations\Task01.MathOperations.csproj", "{0B5B36FE-9540-4841-80D6-86343809F827}"
EndProject
Project("{FAE04EC0-301F-11D3-BF4B-00C04F79EFBC}") = "Task02.ConsoleReadAndParse", "Task02.ConsoleReadAndParse\Task02.ConsoleReadAndParse.csproj", "{F318C09A-57D3-4605-B065-EE437D2017F4}"
EndProject
Project("{FAE04EC0-301F-11D3-BF4B-00C04F79EFBC}") = "Task03.WaterTemperature", "Task03.WaterTemperature\Task03.WaterTemperature.csproj", "{6FC2AB0B-46EB-4640-BF58-8001E610A06E}"
EndProject
Project("{FAE04EC0-301F-11D3-BF4B-00C04F79EFBC}") = "Task04.SimpleTypes", "Task04.SimpleTypes\Task04.SimpleTypes.csproj", "{D653B4F2-9BFF-47C5-847B-35640DA6EF28}"
EndProject
Project("{FAE04EC0-301F-11D3-BF4B-00C04F79EFBC}") = "Task05.Loops", "Task05.Loops\Task05.Loops.csproj", "{FC97C591-35F4-4601-8155-E3F7115DBCFC}"
EndProject
Project("{FAE04EC0-301F-11D3-BF4B-00C04F79EFBC}") = "Task06.Progression", "Task06.Progression\Task06.Progression.csproj", "{9EDDA39F-78B3-4764-9C7D-84A0C67BE94A}"
EndProject
Project("{FAE04EC0-301F-11D3-BF4B-00C04F79EFBC}") = "Task07.While", "Task07.While\Task07.While.csproj", "{2728953E-9D54-43E2-82CA-93FC3E976607}"
EndProject
Project("{2150E333-8FDC-42A3-9474-1A3956D46DE8}") = "Learning", "Learning", "{7B638AAF-EE4B-4315-AB4C-28921A3EEF72}"
EndProject
Project("{2150E333-8FDC-42A3-9474-1A3956D46DE8}") = "TaskBook", "TaskBook", "{4E29172E-F7A8-4FCC-B6C6-469853C90D13}"
EndProject
Project("{2150E333-8FDC-42A3-9474-1A3956D46DE8}") = "Begin", "Begin", "{2C21B8F4-8BE3-4A37-A7CE-8F39A3BE7FCF}"
EndProject
Project("{FAE04EC0-301F-11D3-BF4B-00C04F79EFBC}") = "Begin1", "Begin1\Begin1.csproj", "{2B54827F-65B1-4270-8E20-A5D91CF0BDEA}"
EndProject
Project("{FAE04EC0-301F-11D3-BF4B-00C04F79EFBC}") = "Begin2", "Begin2\Begin2.csproj", "{19FA3DF9-BD1F-430E-B3DB-8309D5348130}"
EndProject
Global
	GlobalSection(SolutionConfigurationPlatforms) = preSolution
		Debug|Any CPU = Debug|Any CPU
		Release|Any CPU = Release|Any CPU
	EndGlobalSection
	GlobalSection(ProjectConfigurationPlatforms) = postSolution
		{0B5B36FE-9540-4841-80D6-86343809F827}.Debug|Any CPU.ActiveCfg = Debug|Any CPU
		{0B5B36FE-9540-4841-80D6-86343809F827}.Debug|Any CPU.Build.0 = Debug|Any CPU
		{0B5B36FE-9540-4841-80D6-86343809F827}.Release|Any CPU.ActiveCfg = Release|Any CPU
		{0B5B36FE-9540-4841-80D6-86343809F827}.Release|Any CPU.Build.0 = Release|Any CPU
		{F318C09A-57D3-4605-B065-EE437D2017F4}.Debug|Any CPU.ActiveCfg = Debug|Any CPU
		{F318C09A-57D3-4605-B065-EE437D2017F4}.Debug|Any CPU.Build.0 = Debug|Any CPU
		{F318C09A-57D3-4605-B065-EE437D2017F4}.Release|Any CPU.ActiveCfg = Release|Any CPU
		{F318C09A-57D3-4605-B065-EE437D2017F4}.Release|Any CPU.Build.0 = Release|Any CPU
		{6FC2AB0B-46EB-4640-BF58-8001E610A06E}.Debug|Any CPU.ActiveCfg = Debug|Any CPU
		{6FC2AB0B-46EB-4640-BF58-8001E610A06E}.Debug|Any CPU.Build.0 = Debug|Any CPU
		{6FC2AB0B-46EB-4640-BF58-8001E610A06E}.Release|Any CPU.ActiveCfg = Release|Any CPU
		{6FC2AB0B-46EB-4640-BF58-8001E610A06E}.Release|Any CPU.Build.0 = Release|Any CPU
		{D653B4F2-9BFF-47C5-847B-35640DA6EF28}.Debug|Any CPU.ActiveCfg = Debug|Any CPU
		{D653B4F2-9BFF-47C5-847B-35640DA6EF28}.Debug|Any CPU.Build.0 = Debug|Any CPU
		{D653B4F2-9BFF-47C5-847B-35640DA6EF28}.Release|Any CPU.ActiveCfg = Release|Any CPU
		{D653B4F2-9BFF-47C5-847B-35640DA6EF28}.Release|Any CPU.Build.0 = Release|Any CPU
		{FC97C591-35F4-4601-8155-E3F7115DBCFC}.Debug|Any CPU.ActiveCfg = Debug|Any CPU
		{FC97C591-35F4-4601-8155-E3F7115DBCFC}.Debug|Any CPU.Build.0 = Debug|Any CPU
		{FC97C591-35F4-4601-8155-E3F7115DBCFC}.Release|Any CPU.ActiveCfg = Release|Any CPU
		{FC97C591-35F4-4601-8155-E3F7115DBCFC}.Release|Any CPU.Build.0 = Release|Any CPU
		{9EDDA39F-78B3-4764-9C7D-84A0C67BE94A}.Debug|Any CPU.ActiveCfg = Debug|Any CPU
		{9EDDA39F-78B3-4764-9C7D-84A0C67BE94A}.Debug|Any CPU.Build.0 = Debug|Any CPU
		{9EDDA39F-78B3-4764-9C7D-84A0C67BE94A}.Release|Any CPU.ActiveCfg = Release|Any CPU
		{9EDDA39F-78B3-4764-9C7D-84A0C67BE94A}.Release|Any CPU.Build.0 = Release|Any CPU
		{2728953E-9D54-43E2-82CA-93FC3E976607}.Debug|Any CPU.ActiveCfg = Debug|Any CPU
		{2728953E-9D54-43E2-82CA-93FC3E976607}.Debug|Any CPU.Build.0 = Debug|Any CPU
		{2728953E-9D54-43E2-82CA-93FC3E976607}.Release|Any CPU.ActiveCfg = Release|Any CPU
		{2728953E-9D54-43E2-82CA-93FC3E976607}.Release|Any CPU.Build.0 = Release|Any CPU
		{2B54827F-65B1-4270-8E20-A5D91CF0BDEA}.Debug|Any CPU.ActiveCfg = Debug|Any CPU
		{2B54827F-65B1-4270-8E20-A5D91CF0BDEA}.Debug|Any CPU.Build.0 = Debug|Any CPU
		{2B54827F-65B1-4270-8E20-A5D91CF0BDEA}.Release|Any CPU.ActiveCfg = Release|Any CPU
		{2B54827F-65B1-4270-8E20-A5D91CF0BDEA}.Release|Any CPU.Build.0 = Release|Any CPU
		{19FA3DF9-BD1F-430E-B3DB-8309D5348130}.Debug|Any CPU.ActiveCfg = Debug|Any CPU
		{19FA3DF9-BD1F-430E-B3DB-8309D5348130}.Debug|Any CPU.Build.0 = Debug|Any CPU
		{19FA3DF9-BD1F-430E-B3DB-8309D5348130}.Release|Any CPU.ActiveCfg = Release|Any CPU
		{19FA3DF9-BD1F-430E-B3DB-8309D5348130}.Release|Any CPU.Build.0 = Release|Any CPU
	EndGlobalSection
	GlobalSection(SolutionProperties) = preSolution
		HideSolutionNode = FALSE
	EndGlobalSection
	GlobalSection(NestedProjects) = preSolution
		{0B5B36FE-9540-4841-80D6-86343809F827} = {7B638AAF-EE4B-4315-AB4C-28921A3EEF72}
		{F318C09A-57D3-4605-B065-EE437D2017F4} = {7B638AAF-EE4B-4315-AB4C-28921A3EEF72}
		{6FC2AB0B-46EB-4640-BF58-8001E610A06E} = {7B638AAF-EE4B-4315-AB4C-28921A3EEF72}
		{D653B4F2-9BFF-47C5-847B-35640DA6EF28} = {7B638AAF-EE4B-4315-AB4C-28921A3EEF72}
		{FC97C591-35F4-4601-8155-E3F7115DBCFC} = {7B638AAF-EE4B-4315-AB4C-28921A3EEF72}
		{9EDDA39F-78B3-4764-9C7D-84A0C67BE94A} = {7B638AAF-EE4B-4315-AB4C-28921A3EEF72}
		{2728953E-9D54-43E2-82CA-93FC3E976607} = {7B638AAF-EE4B-4315-AB4C-28921A3EEF72}
		{2C21B8F4-8BE3-4A37-A7CE-8F39A3BE7FCF} = {4E29172E-F7A8-4FCC-B6C6-469853C90D13}
		{2B54827F-65B1-4270-8E20-A5D91CF0BDEA} = {2C21B8F4-8BE3-4A37-A7CE-8F39A3BE7FCF}
		{19FA3DF9-BD1F-430E-B3DB-8309D5348130} = {2C21B8F4-8BE3-4A37-A7CE-8F39A3BE7FCF}
	EndGlobalSection
EndGlobal
