
Microsoft Visual Studio Solution File, Format Version 12.00
# Visual Studio Version 16
VisualStudioVersion = 16.0.29215.179
MinimumVisualStudioVersion = 10.0.40219.1
Project("{FAE04EC0-301F-11D3-BF4B-00C04F79EFBC}") = "Task01.MathOperations", "Task01.MathOperations\Task01.MathOperations.csproj", "{0B5B36FE-9540-4841-80D6-86343809F827}"
EndProject
Project("{FAE04EC0-301F-11D3-BF4B-00C04F79EFBC}") = "Task02.ConsoleReadAndParse", "Task02.ConsoleReadAndParse\Task02.ConsoleReadAndParse.csproj", "{F318C09A-57D3-4605-B065-EE437D2017F4}"
EndProject
Project("{FAE04EC0-301F-11D3-BF4B-00C04F79EFBC}") = "Task03.WaterTemperature", "Task03.WaterTemperature\Task03.WaterTemperature.csproj", "{6FC2AB0B-46EB-4640-BF58-8001E610A06E}"
EndProject
Project("{FAE04EC0-301F-11D3-BF4B-00C04F79EFBC}") = "Task04.SimpleTypes", "Task04.SimpleTypes\Task04.SimpleTypes.csproj", "{D653B4F2-9BFF-47C5-847B-35640DA6EF28}"
EndProject
Project("{FAE04EC0-301F-11D3-BF4B-00C04F79EFBC}") = "Task05.Loops", "Task05.Loops\Task05.Loops.csproj", "{FC97C591-35F4-4601-8155-E3F7115DBCFC}"
EndProject
Project("{FAE04EC0-301F-11D3-BF4B-00C04F79EFBC}") = "Task06.Progression", "Task06.Progression\Task06.Progression.csproj", "{9EDDA39F-78B3-4764-9C7D-84A0C67BE94A}"
EndProject
Project("{FAE04EC0-301F-11D3-BF4B-00C04F79EFBC}") = "Task07.While", "Task07.While\Task07.While.csproj", "{2728953E-9D54-43E2-82CA-93FC3E976607}"
EndProject
Project("{2150E333-8FDC-42A3-9474-1A3956D46DE8}") = "Learning", "Learning", "{7B638AAF-EE4B-4315-AB4C-28921A3EEF72}"
EndProject
Project("{2150E333-8FDC-42A3-9474-1A3956D46DE8}") = "TaskBook", "TaskBook", "{4E29172E-F7A8-4FCC-B6C6-469853C90D13}"
EndProject
Project("{2150E333-8FDC-42A3-9474-1A3956D46DE8}") = "Begin", "Begin", "{2C21B8F4-8BE3-4A37-A7CE-8F39A3BE7FCF}"
EndProject
Project("{FAE04EC0-301F-11D3-BF4B-00C04F79EFBC}") = "Begin1", "Begin1\Begin1.csproj", "{2B54827F-65B1-4270-8E20-A5D91CF0BDEA}"
EndProject
Project("{FAE04EC0-301F-11D3-BF4B-00C04F79EFBC}") = "Begin2", "Begin2\Begin2.csproj", "{19FA3DF9-BD1F-430E-B3DB-8309D5348130}"
EndProject
Project("{FAE04EC0-301F-11D3-BF4B-00C04F79EFBC}") = "Begin3", "begin3\Begin3.csproj", "{B63D9C38-2A63-453A-B065-A4A853E88A28}"
EndProject
Project("{FAE04EC0-301F-11D3-BF4B-00C04F79EFBC}") = "Begin4", "Begin4\Begin4.csproj", "{E2AE6C4D-02C7-493E-BF22-90D30DCA27CB}"
EndProject
Project("{FAE04EC0-301F-11D3-BF4B-00C04F79EFBC}") = "Begin8", "Begin8\Begin8.csproj", "{E1918F08-5437-4BC6-9601-56E67DF41348}"
EndProject
Project("{FAE04EC0-301F-11D3-BF4B-00C04F79EFBC}") = "Begin12", "Begin12\Begin12.csproj", "{CBFADCBC-1ADE-42E1-88C9-5CFDB1A1830E}"
EndProject
Project("{FAE04EC0-301F-11D3-BF4B-00C04F79EFBC}") = "Begin14", "Begin14\Begin14.csproj", "{5BA930A7-A0BC-411B-8678-40C50439D68B}"
EndProject
Project("{FAE04EC0-301F-11D3-BF4B-00C04F79EFBC}") = "Begin13", "Begin13\Begin13.csproj", "{8A6C253B-0CC8-4285-81CC-33A412595C29}"
EndProject
Project("{FAE04EC0-301F-11D3-BF4B-00C04F79EFBC}") = "Begin15", "Begin15\Begin15.csproj", "{A945011B-B6F8-4698-87FF-16C40107A244}"
EndProject
Project("{FAE04EC0-301F-11D3-BF4B-00C04F79EFBC}") = "Begin18", "Begin18\Begin18.csproj", "{30A7C850-B55E-4498-8B48-58AC27F89AA5}"
EndProject
Project("{FAE04EC0-301F-11D3-BF4B-00C04F79EFBC}") = "Begin19", "Begin19\Begin19.csproj", "{9390C02B-EF30-4F7C-AD76-E2912E792176}"
EndProject
Project("{FAE04EC0-301F-11D3-BF4B-00C04F79EFBC}") = "Begin25", "Begin25\Begin25.csproj", "{8B705931-430B-4115-B5B8-3D1371694C85}"
EndProject
Project("{FAE04EC0-301F-11D3-BF4B-00C04F79EFBC}") = "Begin37", "Begin37\Begin37.csproj", "{D509DFDA-90AF-43A9-8F9C-5A2A73A9F63C}"
EndProject
Project("{FAE04EC0-301F-11D3-BF4B-00C04F79EFBC}") = "Begin21", "Begin21\Begin21.csproj", "{55545E11-85E3-407E-853F-CB2E1B71FD1A}"
EndProject
Project("{FAE04EC0-301F-11D3-BF4B-00C04F79EFBC}") = "Begin39", "Begin39\Begin39.csproj", "{CE4192DD-5FC9-4355-9573-17FDC45E91BA}"
EndProject
Project("{FAE04EC0-301F-11D3-BF4B-00C04F79EFBC}") = "Integer1", "Integer1\Integer1.csproj", "{8FAD2788-754B-47B8-88A6-BE487D575225}"
EndProject
Project("{FAE04EC0-301F-11D3-BF4B-00C04F79EFBC}") = "Integer3", "Integer3\Integer3.csproj", "{908C1B6E-6ED5-4271-814D-04B3C250A416}"
EndProject
Project("{FAE04EC0-301F-11D3-BF4B-00C04F79EFBC}") = "Integer4", "Integer4\Integer4.csproj", "{22726882-A9CD-4B83-B6B6-8320F9FE4D2C}"
EndProject
Project("{2150E333-8FDC-42A3-9474-1A3956D46DE8}") = "Integer", "Integer", "{D1F1CABC-E1D0-43AA-A3C7-0BAEDE9298CE}"
EndProject
Project("{FAE04EC0-301F-11D3-BF4B-00C04F79EFBC}") = "Integer5", "Integer5\Integer5.csproj", "{2EF0DC48-FE28-4512-969E-A6D0AD7378E1}"
EndProject
Project("{FAE04EC0-301F-11D3-BF4B-00C04F79EFBC}") = "Integer7", "Integer7\Integer7.csproj", "{0F8760CB-D4CA-4A93-A0FF-9534F7D26EEA}"
EndProject
Project("{FAE04EC0-301F-11D3-BF4B-00C04F79EFBC}") = "Integer12", "Integer12\Integer12.csproj", "{8C03062F-2C99-4E15-9F7D-6B3745434A69}"
EndProject
Project("{FAE04EC0-301F-11D3-BF4B-00C04F79EFBC}") = "Integer14", "Integer14\Integer14.csproj", "{79BD06BE-745B-4170-BEF4-A924FAA990A2}"
EndProject
Project("{FAE04EC0-301F-11D3-BF4B-00C04F79EFBC}") = "Integer21", "Integer21\Integer21.csproj", "{12A98D76-FBE5-49F1-9680-7B2A6AAE8CAF}"
EndProject
Project("{FAE04EC0-301F-11D3-BF4B-00C04F79EFBC}") = "Integer16", "Integer16\Integer16.csproj", "{33EE148A-094C-44A8-9EF2-272224235ECC}"
EndProject
Project("{FAE04EC0-301F-11D3-BF4B-00C04F79EFBC}") = "Integer22", "Integer22\Integer22.csproj", "{34E17A03-0061-4EC9-9FA7-58E56A788296}"
EndProject
Project("{FAE04EC0-301F-11D3-BF4B-00C04F79EFBC}") = "Integer26", "Integer26\Integer26.csproj", "{E14B775C-5814-4750-8AA9-A9D95C2E6430}"
EndProject
Project("{FAE04EC0-301F-11D3-BF4B-00C04F79EFBC}") = "Integer28", "Integer28\Integer28.csproj", "{134EF233-1446-41C8-9ED3-5EA740682896}"
EndProject
Project("{9A19103F-16F7-4668-BE54-9A1E7A4F7556}") = "Integer18", "Integer18\Integer18.csproj", "{41716B93-721C-463C-9CD6-683754B6003E}"
EndProject
Project("{2150E333-8FDC-42A3-9474-1A3956D46DE8}") = "Boolean", "Boolean", "{418160FB-9E6C-4022-AFA2-CE10D7BF3739}"
EndProject
Project("{9A19103F-16F7-4668-BE54-9A1E7A4F7556}") = "Boolean02", "Boolean02\Boolean02.csproj", "{DA938A04-1A5E-4E70-A7DF-7752C7F50B0C}"
EndProject
Project("{9A19103F-16F7-4668-BE54-9A1E7A4F7556}") = "Boolean6", "Boolean6\Boolean6.csproj", "{F3211BA6-4332-4D29-B3FC-CFA306AF7B7F}"
EndProject
Project("{9A19103F-16F7-4668-BE54-9A1E7A4F7556}") = "Boolean09", "Boolean09\Boolean09.csproj", "{3DAC70BD-8609-480A-BCBE-19DCA56E3D1A}"
EndProject
Project("{9A19103F-16F7-4668-BE54-9A1E7A4F7556}") = "Boolean12", "Boolean12\Boolean12.csproj", "{181078E7-72B6-4925-AF30-FBF97C7A5BE1}"
EndProject
Project("{9A19103F-16F7-4668-BE54-9A1E7A4F7556}") = "Boolean14", "Boolean14\Boolean14.csproj", "{1CF9AB60-5A5B-4664-81CC-6B075AA006CB}"
EndProject
Project("{9A19103F-16F7-4668-BE54-9A1E7A4F7556}") = "Boolean15", "Boolean15\Boolean15.csproj", "{90F73FCD-E2CA-470D-8C73-AAB7CAE0AB5E}"
EndProject
Project("{9A19103F-16F7-4668-BE54-9A1E7A4F7556}") = "Boolean17", "Boolean17\Boolean17.csproj", "{62074351-BD50-4AF0-9456-DB4FAB057B72}"
EndProject
Project("{9A19103F-16F7-4668-BE54-9A1E7A4F7556}") = "Boolean19", "Boolean19\Boolean19.csproj", "{90C673E9-5C7F-4F48-B11A-203177CCA28A}"
EndProject
Project("{9A19103F-16F7-4668-BE54-9A1E7A4F7556}") = "Boolean21", "Boolean21\Boolean21.csproj", "{6D94BC5E-9F49-4E38-BF58-18AC3C52CB59}"
EndProject
Project("{9A19103F-16F7-4668-BE54-9A1E7A4F7556}") = "Boolean22", "Boolean22\Boolean22.csproj", "{00A882BE-AEC0-4976-B6C5-BF4B00E78A24}"
EndProject
Project("{9A19103F-16F7-4668-BE54-9A1E7A4F7556}") = "Boolean25", "Boolean25\Boolean25.csproj", "{31AFE81E-EB74-43D6-AA43-57D4854A5836}"
EndProject
Project("{9A19103F-16F7-4668-BE54-9A1E7A4F7556}") = "Boolean28", "Boolean28\Boolean28.csproj", "{EFF17D4B-0827-47C0-9625-9761FA80FBF7}"
EndProject
Project("{9A19103F-16F7-4668-BE54-9A1E7A4F7556}") = "Boolean29", "Boolean29\Boolean29.csproj", "{20052FB6-075D-4A9D-89DE-601F5B2138C8}"
EndProject
Project("{9A19103F-16F7-4668-BE54-9A1E7A4F7556}") = "Boolean30", "Boolean30\Boolean30.csproj", "{0C79B089-E50B-4EDE-8FED-10F52FA6C6B1}"
EndProject
Project("{9A19103F-16F7-4668-BE54-9A1E7A4F7556}") = "Boolean32", "Boolean32\Boolean32.csproj", "{069136D5-0756-4257-9D11-08B5B378B34D}"
EndProject
Project("{9A19103F-16F7-4668-BE54-9A1E7A4F7556}") = "Boolean33", "Boolean33\Boolean33.csproj", "{3103F927-56DA-498C-BCE4-3B452ECD8D66}"
EndProject
Project("{9A19103F-16F7-4668-BE54-9A1E7A4F7556}") = "Boolean34", "Boolean34\Boolean34.csproj", "{55B181D5-000C-4D09-B41D-155155B53662}"
EndProject
Project("{9A19103F-16F7-4668-BE54-9A1E7A4F7556}") = "Boolean36", "Boolean36\Boolean36.csproj", "{9645C95E-73D7-4EEB-8699-ABB26C166493}"
EndProject
Project("{2150E333-8FDC-42A3-9474-1A3956D46DE8}") = "If", "If", "{844B0312-655A-4FF7-94F3-5DF619BE5DE5}"
EndProject
Project("{9A19103F-16F7-4668-BE54-9A1E7A4F7556}") = "If1", "If1\If1.csproj", "{DDEF19C9-6E58-400C-AEC6-24ED261B1DDC}"
EndProject
Project("{9A19103F-16F7-4668-BE54-9A1E7A4F7556}") = "Boolean39", "Boolean\Boolean39\Boolean39.csproj", "{34ACDB4F-81AF-457A-A3F2-FB859CD5333A}"
EndProject
Project("{9A19103F-16F7-4668-BE54-9A1E7A4F7556}") = "If3", "If3\If3.csproj", "{B1F7FBA8-17BF-43CD-9707-C2943B10970F}"
EndProject
Project("{FAE04EC0-301F-11D3-BF4B-00C04F79EFBC}") = "ConsoleApp1", "ConsoleApp1\ConsoleApp1.csproj", "{224A9028-1B31-4D44-ABFB-F9104A1DB13D}"
EndProject
Project("{9A19103F-16F7-4668-BE54-9A1E7A4F7556}") = "Boolean40", "Boolean40\Boolean40.csproj", "{DFE22B05-DEC7-4E85-AC8C-551BEB3D9BB3}"
EndProject
Project("{9A19103F-16F7-4668-BE54-9A1E7A4F7556}") = "If9", "If9\If9.csproj", "{19F36DBE-5120-46FA-B730-4FC6F67AB22C}"
EndProject
Project("{9A19103F-16F7-4668-BE54-9A1E7A4F7556}") = "If10", "If10\If10.csproj", "{02E94ACC-9940-4CC7-B5B9-2100F4A15FB6}"
EndProject
Project("{9A19103F-16F7-4668-BE54-9A1E7A4F7556}") = "If16", "If16\If16.csproj", "{1F4329D2-2A9C-4CDA-AFA3-63D6D711CDC9}"
EndProject
Project("{9A19103F-16F7-4668-BE54-9A1E7A4F7556}") = "If20", "If20\If20.csproj", "{880500E8-DB51-47E3-AB68-FB7AD97B6C22}"
EndProject
Project("{9A19103F-16F7-4668-BE54-9A1E7A4F7556}") = "If21", "If21\If21.csproj", "{9B61A3FF-0C6E-46B1-8A0D-31894FAA94CD}"
EndProject
Project("{9A19103F-16F7-4668-BE54-9A1E7A4F7556}") = "If22", "If22\If22.csproj", "{934316F6-BC48-4CF1-831A-F848DC28F892}"
EndProject
Project("{9A19103F-16F7-4668-BE54-9A1E7A4F7556}") = "If23", "If23\If23.csproj", "{904119A3-C05A-4E83-A575-A0495161B305}"
EndProject
Project("{9A19103F-16F7-4668-BE54-9A1E7A4F7556}") = "If24", "If24\If24.csproj", "{4BF43B61-4372-4E75-B542-0C72323F4330}"
EndProject
Project("{9A19103F-16F7-4668-BE54-9A1E7A4F7556}") = "If26", "If26\If26.csproj", "{81D6AF75-CDB1-4703-B6CE-B46910BFC5BA}"
EndProject
Project("{9A19103F-16F7-4668-BE54-9A1E7A4F7556}") = "If28", "If28\If28.csproj", "{A0168B49-E0FF-45EA-9E1F-D1FAFC814898}"
EndProject
Project("{2150E333-8FDC-42A3-9474-1A3956D46DE8}") = "Case", "Case", "{A93E6330-6B7F-4C35-B27B-8D290D4EE521}"
EndProject
Project("{9A19103F-16F7-4668-BE54-9A1E7A4F7556}") = "Case1", "Case1\Case1.csproj", "{59E79185-D974-483D-BF6C-10AA84E95BC5}"
EndProject
Project("{9A19103F-16F7-4668-BE54-9A1E7A4F7556}") = "Case2", "Case2\Case2.csproj", "{5A3EE996-48A0-4011-AAA1-21A6390B2BD6}"
EndProject
Project("{9A19103F-16F7-4668-BE54-9A1E7A4F7556}") = "Case3", "Case3\Case3.csproj", "{8AF6F5D8-F22F-45EC-836F-1F9304CB3748}"
EndProject
Project("{9A19103F-16F7-4668-BE54-9A1E7A4F7556}") = "Case5", "Case5\Case5.csproj", "{5D358191-106C-4B71-B91C-733BF10343E4}"
EndProject
Project("{9A19103F-16F7-4668-BE54-9A1E7A4F7556}") = "Case7", "Case7\Case7.csproj", "{1C00EFD7-F887-4FDC-9113-9B7C9E5E43ED}"
EndProject
Project("{9A19103F-16F7-4668-BE54-9A1E7A4F7556}") = "Case10", "Case10\Case10.csproj", "{724B8D59-F6F7-4210-8947-E6637D606133}"
EndProject
Project("{9A19103F-16F7-4668-BE54-9A1E7A4F7556}") = "Case11", "Case11\Case11.csproj", "{D62D289B-3DA8-4155-95C1-408977FD9B60}"
EndProject
Project("{9A19103F-16F7-4668-BE54-9A1E7A4F7556}") = "Case16", "Case16\Case16.csproj", "{A98C963D-3A7A-40D5-8640-41A74CF2846E}"
EndProject
Project("{2150E333-8FDC-42A3-9474-1A3956D46DE8}") = "For", "For", "{9D3C7EF8-C5BA-43DC-AEB3-EDBAB8B298BD}"
EndProject
Project("{9A19103F-16F7-4668-BE54-9A1E7A4F7556}") = "For1", "For1\For1.csproj", "{6340A9EC-497A-4179-9167-2443456DB93F}"
EndProject
Project("{9A19103F-16F7-4668-BE54-9A1E7A4F7556}") = "For2", "For2\For2.csproj", "{00F83E41-E445-4C41-9BC3-20320DE19B5B}"
EndProject
Project("{9A19103F-16F7-4668-BE54-9A1E7A4F7556}") = "For4", "For4\For4.csproj", "{7154E36E-9F86-434D-B584-292A2745B0F8}"
EndProject
Project("{9A19103F-16F7-4668-BE54-9A1E7A4F7556}") = "For5", "For5\For5.csproj", "{90B6987C-5EDA-4BD5-BD0A-BD2DBC0EA116}"
EndProject
Project("{9A19103F-16F7-4668-BE54-9A1E7A4F7556}") = "For7", "For7\For7.csproj", "{F7744A82-D7F1-46FC-B2A3-9E289C8B31DA}"
EndProject
Project("{9A19103F-16F7-4668-BE54-9A1E7A4F7556}") = "For10", "For10\For10.csproj", "{5594263E-B55F-4170-9D65-0E90B2FFB682}"
EndProject
Project("{9A19103F-16F7-4668-BE54-9A1E7A4F7556}") = "For11", "For11\For11.csproj", "{7FC4FF2B-15F9-4563-AA86-A8014EE5FDC3}"
EndProject
Project("{9A19103F-16F7-4668-BE54-9A1E7A4F7556}") = "Task08.Polymorph", "Task08.Polymorph\Task08.Polymorph.csproj", "{DC3FBFAA-1A9E-47BB-8D53-121A84AC754F}"
EndProject
Project("{9A19103F-16F7-4668-BE54-9A1E7A4F7556}") = "For14", "For14\For14.csproj", "{C618CBE7-29D6-490A-B2DD-EAB1B25C7618}"
EndProject
Project("{9A19103F-16F7-4668-BE54-9A1E7A4F7556}") = "For16", "For16\For16.csproj", "{62378B15-5F88-4638-A82C-C2898DC600D3}"
EndProject
Project("{FAE04EC0-301F-11D3-BF4B-00C04F79EFBC}") = "For18", "For18\For18.csproj", "{DBF8BC31-90ED-46A3-8229-77DC68D15F78}"
EndProject
Project("{FAE04EC0-301F-11D3-BF4B-00C04F79EFBC}") = "For19", "For19\For19.csproj", "{F75D7A69-AD67-4EA1-A820-DDCEA6D5A4C8}"
EndProject
Global
	GlobalSection(SolutionConfigurationPlatforms) = preSolution
		Debug|Any CPU = Debug|Any CPU
		Release|Any CPU = Release|Any CPU
	EndGlobalSection
	GlobalSection(ProjectConfigurationPlatforms) = postSolution
		{0B5B36FE-9540-4841-80D6-86343809F827}.Debug|Any CPU.ActiveCfg = Debug|Any CPU
		{0B5B36FE-9540-4841-80D6-86343809F827}.Debug|Any CPU.Build.0 = Debug|Any CPU
		{0B5B36FE-9540-4841-80D6-86343809F827}.Release|Any CPU.ActiveCfg = Release|Any CPU
		{0B5B36FE-9540-4841-80D6-86343809F827}.Release|Any CPU.Build.0 = Release|Any CPU
		{F318C09A-57D3-4605-B065-EE437D2017F4}.Debug|Any CPU.ActiveCfg = Debug|Any CPU
		{F318C09A-57D3-4605-B065-EE437D2017F4}.Debug|Any CPU.Build.0 = Debug|Any CPU
		{F318C09A-57D3-4605-B065-EE437D2017F4}.Release|Any CPU.ActiveCfg = Release|Any CPU
		{F318C09A-57D3-4605-B065-EE437D2017F4}.Release|Any CPU.Build.0 = Release|Any CPU
		{6FC2AB0B-46EB-4640-BF58-8001E610A06E}.Debug|Any CPU.ActiveCfg = Debug|Any CPU
		{6FC2AB0B-46EB-4640-BF58-8001E610A06E}.Debug|Any CPU.Build.0 = Debug|Any CPU
		{6FC2AB0B-46EB-4640-BF58-8001E610A06E}.Release|Any CPU.ActiveCfg = Release|Any CPU
		{6FC2AB0B-46EB-4640-BF58-8001E610A06E}.Release|Any CPU.Build.0 = Release|Any CPU
		{D653B4F2-9BFF-47C5-847B-35640DA6EF28}.Debug|Any CPU.ActiveCfg = Debug|Any CPU
		{D653B4F2-9BFF-47C5-847B-35640DA6EF28}.Debug|Any CPU.Build.0 = Debug|Any CPU
		{D653B4F2-9BFF-47C5-847B-35640DA6EF28}.Release|Any CPU.ActiveCfg = Release|Any CPU
		{D653B4F2-9BFF-47C5-847B-35640DA6EF28}.Release|Any CPU.Build.0 = Release|Any CPU
		{FC97C591-35F4-4601-8155-E3F7115DBCFC}.Debug|Any CPU.ActiveCfg = Debug|Any CPU
		{FC97C591-35F4-4601-8155-E3F7115DBCFC}.Debug|Any CPU.Build.0 = Debug|Any CPU
		{FC97C591-35F4-4601-8155-E3F7115DBCFC}.Release|Any CPU.ActiveCfg = Release|Any CPU
		{FC97C591-35F4-4601-8155-E3F7115DBCFC}.Release|Any CPU.Build.0 = Release|Any CPU
		{9EDDA39F-78B3-4764-9C7D-84A0C67BE94A}.Debug|Any CPU.ActiveCfg = Debug|Any CPU
		{9EDDA39F-78B3-4764-9C7D-84A0C67BE94A}.Debug|Any CPU.Build.0 = Debug|Any CPU
		{9EDDA39F-78B3-4764-9C7D-84A0C67BE94A}.Release|Any CPU.ActiveCfg = Release|Any CPU
		{9EDDA39F-78B3-4764-9C7D-84A0C67BE94A}.Release|Any CPU.Build.0 = Release|Any CPU
		{2728953E-9D54-43E2-82CA-93FC3E976607}.Debug|Any CPU.ActiveCfg = Debug|Any CPU
		{2728953E-9D54-43E2-82CA-93FC3E976607}.Debug|Any CPU.Build.0 = Debug|Any CPU
		{2728953E-9D54-43E2-82CA-93FC3E976607}.Release|Any CPU.ActiveCfg = Release|Any CPU
		{2728953E-9D54-43E2-82CA-93FC3E976607}.Release|Any CPU.Build.0 = Release|Any CPU
		{2B54827F-65B1-4270-8E20-A5D91CF0BDEA}.Debug|Any CPU.ActiveCfg = Debug|Any CPU
		{2B54827F-65B1-4270-8E20-A5D91CF0BDEA}.Debug|Any CPU.Build.0 = Debug|Any CPU
		{2B54827F-65B1-4270-8E20-A5D91CF0BDEA}.Release|Any CPU.ActiveCfg = Release|Any CPU
		{2B54827F-65B1-4270-8E20-A5D91CF0BDEA}.Release|Any CPU.Build.0 = Release|Any CPU
		{19FA3DF9-BD1F-430E-B3DB-8309D5348130}.Debug|Any CPU.ActiveCfg = Debug|Any CPU
		{19FA3DF9-BD1F-430E-B3DB-8309D5348130}.Debug|Any CPU.Build.0 = Debug|Any CPU
		{19FA3DF9-BD1F-430E-B3DB-8309D5348130}.Release|Any CPU.ActiveCfg = Release|Any CPU
		{19FA3DF9-BD1F-430E-B3DB-8309D5348130}.Release|Any CPU.Build.0 = Release|Any CPU
		{B63D9C38-2A63-453A-B065-A4A853E88A28}.Debug|Any CPU.ActiveCfg = Debug|Any CPU
		{B63D9C38-2A63-453A-B065-A4A853E88A28}.Debug|Any CPU.Build.0 = Debug|Any CPU
		{B63D9C38-2A63-453A-B065-A4A853E88A28}.Release|Any CPU.ActiveCfg = Release|Any CPU
		{B63D9C38-2A63-453A-B065-A4A853E88A28}.Release|Any CPU.Build.0 = Release|Any CPU
		{E2AE6C4D-02C7-493E-BF22-90D30DCA27CB}.Debug|Any CPU.ActiveCfg = Debug|Any CPU
		{E2AE6C4D-02C7-493E-BF22-90D30DCA27CB}.Debug|Any CPU.Build.0 = Debug|Any CPU
		{E2AE6C4D-02C7-493E-BF22-90D30DCA27CB}.Release|Any CPU.ActiveCfg = Release|Any CPU
		{E2AE6C4D-02C7-493E-BF22-90D30DCA27CB}.Release|Any CPU.Build.0 = Release|Any CPU
		{E1918F08-5437-4BC6-9601-56E67DF41348}.Debug|Any CPU.ActiveCfg = Debug|Any CPU
		{E1918F08-5437-4BC6-9601-56E67DF41348}.Debug|Any CPU.Build.0 = Debug|Any CPU
		{E1918F08-5437-4BC6-9601-56E67DF41348}.Release|Any CPU.ActiveCfg = Release|Any CPU
		{E1918F08-5437-4BC6-9601-56E67DF41348}.Release|Any CPU.Build.0 = Release|Any CPU
		{CBFADCBC-1ADE-42E1-88C9-5CFDB1A1830E}.Debug|Any CPU.ActiveCfg = Debug|Any CPU
		{CBFADCBC-1ADE-42E1-88C9-5CFDB1A1830E}.Debug|Any CPU.Build.0 = Debug|Any CPU
		{CBFADCBC-1ADE-42E1-88C9-5CFDB1A1830E}.Release|Any CPU.ActiveCfg = Release|Any CPU
		{CBFADCBC-1ADE-42E1-88C9-5CFDB1A1830E}.Release|Any CPU.Build.0 = Release|Any CPU
		{5BA930A7-A0BC-411B-8678-40C50439D68B}.Debug|Any CPU.ActiveCfg = Debug|Any CPU
		{5BA930A7-A0BC-411B-8678-40C50439D68B}.Debug|Any CPU.Build.0 = Debug|Any CPU
		{5BA930A7-A0BC-411B-8678-40C50439D68B}.Release|Any CPU.ActiveCfg = Release|Any CPU
		{5BA930A7-A0BC-411B-8678-40C50439D68B}.Release|Any CPU.Build.0 = Release|Any CPU
		{8A6C253B-0CC8-4285-81CC-33A412595C29}.Debug|Any CPU.ActiveCfg = Debug|Any CPU
		{8A6C253B-0CC8-4285-81CC-33A412595C29}.Debug|Any CPU.Build.0 = Debug|Any CPU
		{8A6C253B-0CC8-4285-81CC-33A412595C29}.Release|Any CPU.ActiveCfg = Release|Any CPU
		{8A6C253B-0CC8-4285-81CC-33A412595C29}.Release|Any CPU.Build.0 = Release|Any CPU
		{A945011B-B6F8-4698-87FF-16C40107A244}.Debug|Any CPU.ActiveCfg = Debug|Any CPU
		{A945011B-B6F8-4698-87FF-16C40107A244}.Debug|Any CPU.Build.0 = Debug|Any CPU
		{A945011B-B6F8-4698-87FF-16C40107A244}.Release|Any CPU.ActiveCfg = Release|Any CPU
		{A945011B-B6F8-4698-87FF-16C40107A244}.Release|Any CPU.Build.0 = Release|Any CPU
		{30A7C850-B55E-4498-8B48-58AC27F89AA5}.Debug|Any CPU.ActiveCfg = Debug|Any CPU
		{30A7C850-B55E-4498-8B48-58AC27F89AA5}.Debug|Any CPU.Build.0 = Debug|Any CPU
		{30A7C850-B55E-4498-8B48-58AC27F89AA5}.Release|Any CPU.ActiveCfg = Release|Any CPU
		{30A7C850-B55E-4498-8B48-58AC27F89AA5}.Release|Any CPU.Build.0 = Release|Any CPU
		{9390C02B-EF30-4F7C-AD76-E2912E792176}.Debug|Any CPU.ActiveCfg = Debug|Any CPU
		{9390C02B-EF30-4F7C-AD76-E2912E792176}.Debug|Any CPU.Build.0 = Debug|Any CPU
		{9390C02B-EF30-4F7C-AD76-E2912E792176}.Release|Any CPU.ActiveCfg = Release|Any CPU
		{9390C02B-EF30-4F7C-AD76-E2912E792176}.Release|Any CPU.Build.0 = Release|Any CPU
		{8B705931-430B-4115-B5B8-3D1371694C85}.Debug|Any CPU.ActiveCfg = Debug|Any CPU
		{8B705931-430B-4115-B5B8-3D1371694C85}.Debug|Any CPU.Build.0 = Debug|Any CPU
		{8B705931-430B-4115-B5B8-3D1371694C85}.Release|Any CPU.ActiveCfg = Release|Any CPU
		{8B705931-430B-4115-B5B8-3D1371694C85}.Release|Any CPU.Build.0 = Release|Any CPU
		{D509DFDA-90AF-43A9-8F9C-5A2A73A9F63C}.Debug|Any CPU.ActiveCfg = Debug|Any CPU
		{D509DFDA-90AF-43A9-8F9C-5A2A73A9F63C}.Debug|Any CPU.Build.0 = Debug|Any CPU
		{D509DFDA-90AF-43A9-8F9C-5A2A73A9F63C}.Release|Any CPU.ActiveCfg = Release|Any CPU
		{D509DFDA-90AF-43A9-8F9C-5A2A73A9F63C}.Release|Any CPU.Build.0 = Release|Any CPU
		{55545E11-85E3-407E-853F-CB2E1B71FD1A}.Debug|Any CPU.ActiveCfg = Debug|Any CPU
		{55545E11-85E3-407E-853F-CB2E1B71FD1A}.Debug|Any CPU.Build.0 = Debug|Any CPU
		{55545E11-85E3-407E-853F-CB2E1B71FD1A}.Release|Any CPU.ActiveCfg = Release|Any CPU
		{55545E11-85E3-407E-853F-CB2E1B71FD1A}.Release|Any CPU.Build.0 = Release|Any CPU
		{CE4192DD-5FC9-4355-9573-17FDC45E91BA}.Debug|Any CPU.ActiveCfg = Debug|Any CPU
		{CE4192DD-5FC9-4355-9573-17FDC45E91BA}.Debug|Any CPU.Build.0 = Debug|Any CPU
		{CE4192DD-5FC9-4355-9573-17FDC45E91BA}.Release|Any CPU.ActiveCfg = Release|Any CPU
		{CE4192DD-5FC9-4355-9573-17FDC45E91BA}.Release|Any CPU.Build.0 = Release|Any CPU
		{8FAD2788-754B-47B8-88A6-BE487D575225}.Debug|Any CPU.ActiveCfg = Debug|Any CPU
		{8FAD2788-754B-47B8-88A6-BE487D575225}.Debug|Any CPU.Build.0 = Debug|Any CPU
		{8FAD2788-754B-47B8-88A6-BE487D575225}.Release|Any CPU.ActiveCfg = Release|Any CPU
		{8FAD2788-754B-47B8-88A6-BE487D575225}.Release|Any CPU.Build.0 = Release|Any CPU
		{908C1B6E-6ED5-4271-814D-04B3C250A416}.Debug|Any CPU.ActiveCfg = Debug|Any CPU
		{908C1B6E-6ED5-4271-814D-04B3C250A416}.Debug|Any CPU.Build.0 = Debug|Any CPU
		{908C1B6E-6ED5-4271-814D-04B3C250A416}.Release|Any CPU.ActiveCfg = Release|Any CPU
		{908C1B6E-6ED5-4271-814D-04B3C250A416}.Release|Any CPU.Build.0 = Release|Any CPU
		{22726882-A9CD-4B83-B6B6-8320F9FE4D2C}.Debug|Any CPU.ActiveCfg = Debug|Any CPU
		{22726882-A9CD-4B83-B6B6-8320F9FE4D2C}.Debug|Any CPU.Build.0 = Debug|Any CPU
		{22726882-A9CD-4B83-B6B6-8320F9FE4D2C}.Release|Any CPU.ActiveCfg = Release|Any CPU
		{22726882-A9CD-4B83-B6B6-8320F9FE4D2C}.Release|Any CPU.Build.0 = Release|Any CPU
		{2EF0DC48-FE28-4512-969E-A6D0AD7378E1}.Debug|Any CPU.ActiveCfg = Debug|Any CPU
		{2EF0DC48-FE28-4512-969E-A6D0AD7378E1}.Debug|Any CPU.Build.0 = Debug|Any CPU
		{2EF0DC48-FE28-4512-969E-A6D0AD7378E1}.Release|Any CPU.ActiveCfg = Release|Any CPU
		{2EF0DC48-FE28-4512-969E-A6D0AD7378E1}.Release|Any CPU.Build.0 = Release|Any CPU
		{0F8760CB-D4CA-4A93-A0FF-9534F7D26EEA}.Debug|Any CPU.ActiveCfg = Debug|Any CPU
		{0F8760CB-D4CA-4A93-A0FF-9534F7D26EEA}.Debug|Any CPU.Build.0 = Debug|Any CPU
		{0F8760CB-D4CA-4A93-A0FF-9534F7D26EEA}.Release|Any CPU.ActiveCfg = Release|Any CPU
		{0F8760CB-D4CA-4A93-A0FF-9534F7D26EEA}.Release|Any CPU.Build.0 = Release|Any CPU
		{8C03062F-2C99-4E15-9F7D-6B3745434A69}.Debug|Any CPU.ActiveCfg = Debug|Any CPU
		{8C03062F-2C99-4E15-9F7D-6B3745434A69}.Debug|Any CPU.Build.0 = Debug|Any CPU
		{8C03062F-2C99-4E15-9F7D-6B3745434A69}.Release|Any CPU.ActiveCfg = Release|Any CPU
		{8C03062F-2C99-4E15-9F7D-6B3745434A69}.Release|Any CPU.Build.0 = Release|Any CPU
		{79BD06BE-745B-4170-BEF4-A924FAA990A2}.Debug|Any CPU.ActiveCfg = Debug|Any CPU
		{79BD06BE-745B-4170-BEF4-A924FAA990A2}.Debug|Any CPU.Build.0 = Debug|Any CPU
		{79BD06BE-745B-4170-BEF4-A924FAA990A2}.Release|Any CPU.ActiveCfg = Release|Any CPU
		{79BD06BE-745B-4170-BEF4-A924FAA990A2}.Release|Any CPU.Build.0 = Release|Any CPU
		{12A98D76-FBE5-49F1-9680-7B2A6AAE8CAF}.Debug|Any CPU.ActiveCfg = Debug|Any CPU
		{12A98D76-FBE5-49F1-9680-7B2A6AAE8CAF}.Debug|Any CPU.Build.0 = Debug|Any CPU
		{12A98D76-FBE5-49F1-9680-7B2A6AAE8CAF}.Release|Any CPU.ActiveCfg = Release|Any CPU
		{12A98D76-FBE5-49F1-9680-7B2A6AAE8CAF}.Release|Any CPU.Build.0 = Release|Any CPU
		{33EE148A-094C-44A8-9EF2-272224235ECC}.Debug|Any CPU.ActiveCfg = Debug|Any CPU
		{33EE148A-094C-44A8-9EF2-272224235ECC}.Debug|Any CPU.Build.0 = Debug|Any CPU
		{33EE148A-094C-44A8-9EF2-272224235ECC}.Release|Any CPU.ActiveCfg = Release|Any CPU
		{33EE148A-094C-44A8-9EF2-272224235ECC}.Release|Any CPU.Build.0 = Release|Any CPU
		{34E17A03-0061-4EC9-9FA7-58E56A788296}.Debug|Any CPU.ActiveCfg = Debug|Any CPU
		{34E17A03-0061-4EC9-9FA7-58E56A788296}.Debug|Any CPU.Build.0 = Debug|Any CPU
		{34E17A03-0061-4EC9-9FA7-58E56A788296}.Release|Any CPU.ActiveCfg = Release|Any CPU
		{34E17A03-0061-4EC9-9FA7-58E56A788296}.Release|Any CPU.Build.0 = Release|Any CPU
		{E14B775C-5814-4750-8AA9-A9D95C2E6430}.Debug|Any CPU.ActiveCfg = Debug|Any CPU
		{E14B775C-5814-4750-8AA9-A9D95C2E6430}.Debug|Any CPU.Build.0 = Debug|Any CPU
		{E14B775C-5814-4750-8AA9-A9D95C2E6430}.Release|Any CPU.ActiveCfg = Release|Any CPU
		{E14B775C-5814-4750-8AA9-A9D95C2E6430}.Release|Any CPU.Build.0 = Release|Any CPU
		{134EF233-1446-41C8-9ED3-5EA740682896}.Debug|Any CPU.ActiveCfg = Debug|Any CPU
		{134EF233-1446-41C8-9ED3-5EA740682896}.Debug|Any CPU.Build.0 = Debug|Any CPU
		{134EF233-1446-41C8-9ED3-5EA740682896}.Release|Any CPU.ActiveCfg = Release|Any CPU
		{134EF233-1446-41C8-9ED3-5EA740682896}.Release|Any CPU.Build.0 = Release|Any CPU
		{41716B93-721C-463C-9CD6-683754B6003E}.Debug|Any CPU.ActiveCfg = Debug|Any CPU
		{41716B93-721C-463C-9CD6-683754B6003E}.Debug|Any CPU.Build.0 = Debug|Any CPU
		{41716B93-721C-463C-9CD6-683754B6003E}.Release|Any CPU.ActiveCfg = Release|Any CPU
		{41716B93-721C-463C-9CD6-683754B6003E}.Release|Any CPU.Build.0 = Release|Any CPU
		{DA938A04-1A5E-4E70-A7DF-7752C7F50B0C}.Debug|Any CPU.ActiveCfg = Debug|Any CPU
		{DA938A04-1A5E-4E70-A7DF-7752C7F50B0C}.Debug|Any CPU.Build.0 = Debug|Any CPU
		{DA938A04-1A5E-4E70-A7DF-7752C7F50B0C}.Release|Any CPU.ActiveCfg = Release|Any CPU
		{DA938A04-1A5E-4E70-A7DF-7752C7F50B0C}.Release|Any CPU.Build.0 = Release|Any CPU
		{F3211BA6-4332-4D29-B3FC-CFA306AF7B7F}.Debug|Any CPU.ActiveCfg = Debug|Any CPU
		{F3211BA6-4332-4D29-B3FC-CFA306AF7B7F}.Debug|Any CPU.Build.0 = Debug|Any CPU
		{F3211BA6-4332-4D29-B3FC-CFA306AF7B7F}.Release|Any CPU.ActiveCfg = Release|Any CPU
		{F3211BA6-4332-4D29-B3FC-CFA306AF7B7F}.Release|Any CPU.Build.0 = Release|Any CPU
		{3DAC70BD-8609-480A-BCBE-19DCA56E3D1A}.Debug|Any CPU.ActiveCfg = Debug|Any CPU
		{3DAC70BD-8609-480A-BCBE-19DCA56E3D1A}.Debug|Any CPU.Build.0 = Debug|Any CPU
		{3DAC70BD-8609-480A-BCBE-19DCA56E3D1A}.Release|Any CPU.ActiveCfg = Release|Any CPU
		{3DAC70BD-8609-480A-BCBE-19DCA56E3D1A}.Release|Any CPU.Build.0 = Release|Any CPU
		{181078E7-72B6-4925-AF30-FBF97C7A5BE1}.Debug|Any CPU.ActiveCfg = Debug|Any CPU
		{181078E7-72B6-4925-AF30-FBF97C7A5BE1}.Debug|Any CPU.Build.0 = Debug|Any CPU
		{181078E7-72B6-4925-AF30-FBF97C7A5BE1}.Release|Any CPU.ActiveCfg = Release|Any CPU
		{181078E7-72B6-4925-AF30-FBF97C7A5BE1}.Release|Any CPU.Build.0 = Release|Any CPU
		{1CF9AB60-5A5B-4664-81CC-6B075AA006CB}.Debug|Any CPU.ActiveCfg = Debug|Any CPU
		{1CF9AB60-5A5B-4664-81CC-6B075AA006CB}.Debug|Any CPU.Build.0 = Debug|Any CPU
		{1CF9AB60-5A5B-4664-81CC-6B075AA006CB}.Release|Any CPU.ActiveCfg = Release|Any CPU
		{1CF9AB60-5A5B-4664-81CC-6B075AA006CB}.Release|Any CPU.Build.0 = Release|Any CPU
		{90F73FCD-E2CA-470D-8C73-AAB7CAE0AB5E}.Debug|Any CPU.ActiveCfg = Debug|Any CPU
		{90F73FCD-E2CA-470D-8C73-AAB7CAE0AB5E}.Debug|Any CPU.Build.0 = Debug|Any CPU
		{90F73FCD-E2CA-470D-8C73-AAB7CAE0AB5E}.Release|Any CPU.ActiveCfg = Release|Any CPU
		{90F73FCD-E2CA-470D-8C73-AAB7CAE0AB5E}.Release|Any CPU.Build.0 = Release|Any CPU
		{62074351-BD50-4AF0-9456-DB4FAB057B72}.Debug|Any CPU.ActiveCfg = Debug|Any CPU
		{62074351-BD50-4AF0-9456-DB4FAB057B72}.Debug|Any CPU.Build.0 = Debug|Any CPU
		{62074351-BD50-4AF0-9456-DB4FAB057B72}.Release|Any CPU.ActiveCfg = Release|Any CPU
		{62074351-BD50-4AF0-9456-DB4FAB057B72}.Release|Any CPU.Build.0 = Release|Any CPU
		{90C673E9-5C7F-4F48-B11A-203177CCA28A}.Debug|Any CPU.ActiveCfg = Debug|Any CPU
		{90C673E9-5C7F-4F48-B11A-203177CCA28A}.Debug|Any CPU.Build.0 = Debug|Any CPU
		{90C673E9-5C7F-4F48-B11A-203177CCA28A}.Release|Any CPU.ActiveCfg = Release|Any CPU
		{90C673E9-5C7F-4F48-B11A-203177CCA28A}.Release|Any CPU.Build.0 = Release|Any CPU
		{6D94BC5E-9F49-4E38-BF58-18AC3C52CB59}.Debug|Any CPU.ActiveCfg = Debug|Any CPU
		{6D94BC5E-9F49-4E38-BF58-18AC3C52CB59}.Debug|Any CPU.Build.0 = Debug|Any CPU
		{6D94BC5E-9F49-4E38-BF58-18AC3C52CB59}.Release|Any CPU.ActiveCfg = Release|Any CPU
		{6D94BC5E-9F49-4E38-BF58-18AC3C52CB59}.Release|Any CPU.Build.0 = Release|Any CPU
		{00A882BE-AEC0-4976-B6C5-BF4B00E78A24}.Debug|Any CPU.ActiveCfg = Debug|Any CPU
		{00A882BE-AEC0-4976-B6C5-BF4B00E78A24}.Debug|Any CPU.Build.0 = Debug|Any CPU
		{00A882BE-AEC0-4976-B6C5-BF4B00E78A24}.Release|Any CPU.ActiveCfg = Release|Any CPU
		{00A882BE-AEC0-4976-B6C5-BF4B00E78A24}.Release|Any CPU.Build.0 = Release|Any CPU
		{31AFE81E-EB74-43D6-AA43-57D4854A5836}.Debug|Any CPU.ActiveCfg = Debug|Any CPU
		{31AFE81E-EB74-43D6-AA43-57D4854A5836}.Debug|Any CPU.Build.0 = Debug|Any CPU
		{31AFE81E-EB74-43D6-AA43-57D4854A5836}.Release|Any CPU.ActiveCfg = Release|Any CPU
		{31AFE81E-EB74-43D6-AA43-57D4854A5836}.Release|Any CPU.Build.0 = Release|Any CPU
		{EFF17D4B-0827-47C0-9625-9761FA80FBF7}.Debug|Any CPU.ActiveCfg = Debug|Any CPU
		{EFF17D4B-0827-47C0-9625-9761FA80FBF7}.Debug|Any CPU.Build.0 = Debug|Any CPU
		{EFF17D4B-0827-47C0-9625-9761FA80FBF7}.Release|Any CPU.ActiveCfg = Release|Any CPU
		{EFF17D4B-0827-47C0-9625-9761FA80FBF7}.Release|Any CPU.Build.0 = Release|Any CPU
		{20052FB6-075D-4A9D-89DE-601F5B2138C8}.Debug|Any CPU.ActiveCfg = Debug|Any CPU
		{20052FB6-075D-4A9D-89DE-601F5B2138C8}.Debug|Any CPU.Build.0 = Debug|Any CPU
		{20052FB6-075D-4A9D-89DE-601F5B2138C8}.Release|Any CPU.ActiveCfg = Release|Any CPU
		{20052FB6-075D-4A9D-89DE-601F5B2138C8}.Release|Any CPU.Build.0 = Release|Any CPU
		{0C79B089-E50B-4EDE-8FED-10F52FA6C6B1}.Debug|Any CPU.ActiveCfg = Debug|Any CPU
		{0C79B089-E50B-4EDE-8FED-10F52FA6C6B1}.Debug|Any CPU.Build.0 = Debug|Any CPU
		{0C79B089-E50B-4EDE-8FED-10F52FA6C6B1}.Release|Any CPU.ActiveCfg = Release|Any CPU
		{0C79B089-E50B-4EDE-8FED-10F52FA6C6B1}.Release|Any CPU.Build.0 = Release|Any CPU
		{069136D5-0756-4257-9D11-08B5B378B34D}.Debug|Any CPU.ActiveCfg = Debug|Any CPU
		{069136D5-0756-4257-9D11-08B5B378B34D}.Debug|Any CPU.Build.0 = Debug|Any CPU
		{069136D5-0756-4257-9D11-08B5B378B34D}.Release|Any CPU.ActiveCfg = Release|Any CPU
		{069136D5-0756-4257-9D11-08B5B378B34D}.Release|Any CPU.Build.0 = Release|Any CPU
		{3103F927-56DA-498C-BCE4-3B452ECD8D66}.Debug|Any CPU.ActiveCfg = Debug|Any CPU
		{3103F927-56DA-498C-BCE4-3B452ECD8D66}.Debug|Any CPU.Build.0 = Debug|Any CPU
		{3103F927-56DA-498C-BCE4-3B452ECD8D66}.Release|Any CPU.ActiveCfg = Release|Any CPU
		{3103F927-56DA-498C-BCE4-3B452ECD8D66}.Release|Any CPU.Build.0 = Release|Any CPU
		{55B181D5-000C-4D09-B41D-155155B53662}.Debug|Any CPU.ActiveCfg = Debug|Any CPU
		{55B181D5-000C-4D09-B41D-155155B53662}.Debug|Any CPU.Build.0 = Debug|Any CPU
		{55B181D5-000C-4D09-B41D-155155B53662}.Release|Any CPU.ActiveCfg = Release|Any CPU
		{55B181D5-000C-4D09-B41D-155155B53662}.Release|Any CPU.Build.0 = Release|Any CPU
		{9645C95E-73D7-4EEB-8699-ABB26C166493}.Debug|Any CPU.ActiveCfg = Debug|Any CPU
		{9645C95E-73D7-4EEB-8699-ABB26C166493}.Debug|Any CPU.Build.0 = Debug|Any CPU
		{9645C95E-73D7-4EEB-8699-ABB26C166493}.Release|Any CPU.ActiveCfg = Release|Any CPU
		{9645C95E-73D7-4EEB-8699-ABB26C166493}.Release|Any CPU.Build.0 = Release|Any CPU
		{DDEF19C9-6E58-400C-AEC6-24ED261B1DDC}.Debug|Any CPU.ActiveCfg = Debug|Any CPU
		{DDEF19C9-6E58-400C-AEC6-24ED261B1DDC}.Debug|Any CPU.Build.0 = Debug|Any CPU
		{DDEF19C9-6E58-400C-AEC6-24ED261B1DDC}.Release|Any CPU.ActiveCfg = Release|Any CPU
		{DDEF19C9-6E58-400C-AEC6-24ED261B1DDC}.Release|Any CPU.Build.0 = Release|Any CPU
		{34ACDB4F-81AF-457A-A3F2-FB859CD5333A}.Debug|Any CPU.ActiveCfg = Debug|Any CPU
		{34ACDB4F-81AF-457A-A3F2-FB859CD5333A}.Debug|Any CPU.Build.0 = Debug|Any CPU
		{34ACDB4F-81AF-457A-A3F2-FB859CD5333A}.Release|Any CPU.ActiveCfg = Release|Any CPU
		{34ACDB4F-81AF-457A-A3F2-FB859CD5333A}.Release|Any CPU.Build.0 = Release|Any CPU
		{B1F7FBA8-17BF-43CD-9707-C2943B10970F}.Debug|Any CPU.ActiveCfg = Debug|Any CPU
		{B1F7FBA8-17BF-43CD-9707-C2943B10970F}.Debug|Any CPU.Build.0 = Debug|Any CPU
		{B1F7FBA8-17BF-43CD-9707-C2943B10970F}.Release|Any CPU.ActiveCfg = Release|Any CPU
		{B1F7FBA8-17BF-43CD-9707-C2943B10970F}.Release|Any CPU.Build.0 = Release|Any CPU
		{224A9028-1B31-4D44-ABFB-F9104A1DB13D}.Debug|Any CPU.ActiveCfg = Debug|Any CPU
		{224A9028-1B31-4D44-ABFB-F9104A1DB13D}.Debug|Any CPU.Build.0 = Debug|Any CPU
		{224A9028-1B31-4D44-ABFB-F9104A1DB13D}.Release|Any CPU.ActiveCfg = Release|Any CPU
		{224A9028-1B31-4D44-ABFB-F9104A1DB13D}.Release|Any CPU.Build.0 = Release|Any CPU
		{DFE22B05-DEC7-4E85-AC8C-551BEB3D9BB3}.Debug|Any CPU.ActiveCfg = Debug|Any CPU
		{DFE22B05-DEC7-4E85-AC8C-551BEB3D9BB3}.Debug|Any CPU.Build.0 = Debug|Any CPU
		{DFE22B05-DEC7-4E85-AC8C-551BEB3D9BB3}.Release|Any CPU.ActiveCfg = Release|Any CPU
		{DFE22B05-DEC7-4E85-AC8C-551BEB3D9BB3}.Release|Any CPU.Build.0 = Release|Any CPU
		{19F36DBE-5120-46FA-B730-4FC6F67AB22C}.Debug|Any CPU.ActiveCfg = Debug|Any CPU
		{19F36DBE-5120-46FA-B730-4FC6F67AB22C}.Debug|Any CPU.Build.0 = Debug|Any CPU
		{19F36DBE-5120-46FA-B730-4FC6F67AB22C}.Release|Any CPU.ActiveCfg = Release|Any CPU
		{19F36DBE-5120-46FA-B730-4FC6F67AB22C}.Release|Any CPU.Build.0 = Release|Any CPU
		{02E94ACC-9940-4CC7-B5B9-2100F4A15FB6}.Debug|Any CPU.ActiveCfg = Debug|Any CPU
		{02E94ACC-9940-4CC7-B5B9-2100F4A15FB6}.Debug|Any CPU.Build.0 = Debug|Any CPU
		{02E94ACC-9940-4CC7-B5B9-2100F4A15FB6}.Release|Any CPU.ActiveCfg = Release|Any CPU
		{02E94ACC-9940-4CC7-B5B9-2100F4A15FB6}.Release|Any CPU.Build.0 = Release|Any CPU
		{1F4329D2-2A9C-4CDA-AFA3-63D6D711CDC9}.Debug|Any CPU.ActiveCfg = Debug|Any CPU
		{1F4329D2-2A9C-4CDA-AFA3-63D6D711CDC9}.Debug|Any CPU.Build.0 = Debug|Any CPU
		{1F4329D2-2A9C-4CDA-AFA3-63D6D711CDC9}.Release|Any CPU.ActiveCfg = Release|Any CPU
		{1F4329D2-2A9C-4CDA-AFA3-63D6D711CDC9}.Release|Any CPU.Build.0 = Release|Any CPU
		{880500E8-DB51-47E3-AB68-FB7AD97B6C22}.Debug|Any CPU.ActiveCfg = Debug|Any CPU
		{880500E8-DB51-47E3-AB68-FB7AD97B6C22}.Debug|Any CPU.Build.0 = Debug|Any CPU
		{880500E8-DB51-47E3-AB68-FB7AD97B6C22}.Release|Any CPU.ActiveCfg = Release|Any CPU
		{880500E8-DB51-47E3-AB68-FB7AD97B6C22}.Release|Any CPU.Build.0 = Release|Any CPU
		{9B61A3FF-0C6E-46B1-8A0D-31894FAA94CD}.Debug|Any CPU.ActiveCfg = Debug|Any CPU
		{9B61A3FF-0C6E-46B1-8A0D-31894FAA94CD}.Debug|Any CPU.Build.0 = Debug|Any CPU
		{9B61A3FF-0C6E-46B1-8A0D-31894FAA94CD}.Release|Any CPU.ActiveCfg = Release|Any CPU
		{9B61A3FF-0C6E-46B1-8A0D-31894FAA94CD}.Release|Any CPU.Build.0 = Release|Any CPU
		{934316F6-BC48-4CF1-831A-F848DC28F892}.Debug|Any CPU.ActiveCfg = Debug|Any CPU
		{934316F6-BC48-4CF1-831A-F848DC28F892}.Debug|Any CPU.Build.0 = Debug|Any CPU
		{934316F6-BC48-4CF1-831A-F848DC28F892}.Release|Any CPU.ActiveCfg = Release|Any CPU
		{934316F6-BC48-4CF1-831A-F848DC28F892}.Release|Any CPU.Build.0 = Release|Any CPU
		{904119A3-C05A-4E83-A575-A0495161B305}.Debug|Any CPU.ActiveCfg = Debug|Any CPU
		{904119A3-C05A-4E83-A575-A0495161B305}.Debug|Any CPU.Build.0 = Debug|Any CPU
		{904119A3-C05A-4E83-A575-A0495161B305}.Release|Any CPU.ActiveCfg = Release|Any CPU
		{904119A3-C05A-4E83-A575-A0495161B305}.Release|Any CPU.Build.0 = Release|Any CPU
		{4BF43B61-4372-4E75-B542-0C72323F4330}.Debug|Any CPU.ActiveCfg = Debug|Any CPU
		{4BF43B61-4372-4E75-B542-0C72323F4330}.Debug|Any CPU.Build.0 = Debug|Any CPU
		{4BF43B61-4372-4E75-B542-0C72323F4330}.Release|Any CPU.ActiveCfg = Release|Any CPU
		{4BF43B61-4372-4E75-B542-0C72323F4330}.Release|Any CPU.Build.0 = Release|Any CPU
		{81D6AF75-CDB1-4703-B6CE-B46910BFC5BA}.Debug|Any CPU.ActiveCfg = Debug|Any CPU
		{81D6AF75-CDB1-4703-B6CE-B46910BFC5BA}.Debug|Any CPU.Build.0 = Debug|Any CPU
		{81D6AF75-CDB1-4703-B6CE-B46910BFC5BA}.Release|Any CPU.ActiveCfg = Release|Any CPU
		{81D6AF75-CDB1-4703-B6CE-B46910BFC5BA}.Release|Any CPU.Build.0 = Release|Any CPU
		{A0168B49-E0FF-45EA-9E1F-D1FAFC814898}.Debug|Any CPU.ActiveCfg = Debug|Any CPU
		{A0168B49-E0FF-45EA-9E1F-D1FAFC814898}.Debug|Any CPU.Build.0 = Debug|Any CPU
		{A0168B49-E0FF-45EA-9E1F-D1FAFC814898}.Release|Any CPU.ActiveCfg = Release|Any CPU
		{A0168B49-E0FF-45EA-9E1F-D1FAFC814898}.Release|Any CPU.Build.0 = Release|Any CPU
		{59E79185-D974-483D-BF6C-10AA84E95BC5}.Debug|Any CPU.ActiveCfg = Debug|Any CPU
		{59E79185-D974-483D-BF6C-10AA84E95BC5}.Debug|Any CPU.Build.0 = Debug|Any CPU
		{59E79185-D974-483D-BF6C-10AA84E95BC5}.Release|Any CPU.ActiveCfg = Release|Any CPU
		{59E79185-D974-483D-BF6C-10AA84E95BC5}.Release|Any CPU.Build.0 = Release|Any CPU
		{5A3EE996-48A0-4011-AAA1-21A6390B2BD6}.Debug|Any CPU.ActiveCfg = Debug|Any CPU
		{5A3EE996-48A0-4011-AAA1-21A6390B2BD6}.Debug|Any CPU.Build.0 = Debug|Any CPU
		{5A3EE996-48A0-4011-AAA1-21A6390B2BD6}.Release|Any CPU.ActiveCfg = Release|Any CPU
		{5A3EE996-48A0-4011-AAA1-21A6390B2BD6}.Release|Any CPU.Build.0 = Release|Any CPU
		{8AF6F5D8-F22F-45EC-836F-1F9304CB3748}.Debug|Any CPU.ActiveCfg = Debug|Any CPU
		{8AF6F5D8-F22F-45EC-836F-1F9304CB3748}.Debug|Any CPU.Build.0 = Debug|Any CPU
		{8AF6F5D8-F22F-45EC-836F-1F9304CB3748}.Release|Any CPU.ActiveCfg = Release|Any CPU
		{8AF6F5D8-F22F-45EC-836F-1F9304CB3748}.Release|Any CPU.Build.0 = Release|Any CPU
		{5D358191-106C-4B71-B91C-733BF10343E4}.Debug|Any CPU.ActiveCfg = Debug|Any CPU
		{5D358191-106C-4B71-B91C-733BF10343E4}.Debug|Any CPU.Build.0 = Debug|Any CPU
		{5D358191-106C-4B71-B91C-733BF10343E4}.Release|Any CPU.ActiveCfg = Release|Any CPU
		{5D358191-106C-4B71-B91C-733BF10343E4}.Release|Any CPU.Build.0 = Release|Any CPU
		{1C00EFD7-F887-4FDC-9113-9B7C9E5E43ED}.Debug|Any CPU.ActiveCfg = Debug|Any CPU
		{1C00EFD7-F887-4FDC-9113-9B7C9E5E43ED}.Debug|Any CPU.Build.0 = Debug|Any CPU
		{1C00EFD7-F887-4FDC-9113-9B7C9E5E43ED}.Release|Any CPU.ActiveCfg = Release|Any CPU
		{1C00EFD7-F887-4FDC-9113-9B7C9E5E43ED}.Release|Any CPU.Build.0 = Release|Any CPU
		{724B8D59-F6F7-4210-8947-E6637D606133}.Debug|Any CPU.ActiveCfg = Debug|Any CPU
		{724B8D59-F6F7-4210-8947-E6637D606133}.Debug|Any CPU.Build.0 = Debug|Any CPU
		{724B8D59-F6F7-4210-8947-E6637D606133}.Release|Any CPU.ActiveCfg = Release|Any CPU
		{724B8D59-F6F7-4210-8947-E6637D606133}.Release|Any CPU.Build.0 = Release|Any CPU
		{D62D289B-3DA8-4155-95C1-408977FD9B60}.Debug|Any CPU.ActiveCfg = Debug|Any CPU
		{D62D289B-3DA8-4155-95C1-408977FD9B60}.Debug|Any CPU.Build.0 = Debug|Any CPU
		{D62D289B-3DA8-4155-95C1-408977FD9B60}.Release|Any CPU.ActiveCfg = Release|Any CPU
		{D62D289B-3DA8-4155-95C1-408977FD9B60}.Release|Any CPU.Build.0 = Release|Any CPU
		{A98C963D-3A7A-40D5-8640-41A74CF2846E}.Debug|Any CPU.ActiveCfg = Debug|Any CPU
		{A98C963D-3A7A-40D5-8640-41A74CF2846E}.Debug|Any CPU.Build.0 = Debug|Any CPU
		{A98C963D-3A7A-40D5-8640-41A74CF2846E}.Release|Any CPU.ActiveCfg = Release|Any CPU
		{A98C963D-3A7A-40D5-8640-41A74CF2846E}.Release|Any CPU.Build.0 = Release|Any CPU
		{6340A9EC-497A-4179-9167-2443456DB93F}.Debug|Any CPU.ActiveCfg = Debug|Any CPU
		{6340A9EC-497A-4179-9167-2443456DB93F}.Debug|Any CPU.Build.0 = Debug|Any CPU
		{6340A9EC-497A-4179-9167-2443456DB93F}.Release|Any CPU.ActiveCfg = Release|Any CPU
		{6340A9EC-497A-4179-9167-2443456DB93F}.Release|Any CPU.Build.0 = Release|Any CPU
		{00F83E41-E445-4C41-9BC3-20320DE19B5B}.Debug|Any CPU.ActiveCfg = Debug|Any CPU
		{00F83E41-E445-4C41-9BC3-20320DE19B5B}.Debug|Any CPU.Build.0 = Debug|Any CPU
		{00F83E41-E445-4C41-9BC3-20320DE19B5B}.Release|Any CPU.ActiveCfg = Release|Any CPU
		{00F83E41-E445-4C41-9BC3-20320DE19B5B}.Release|Any CPU.Build.0 = Release|Any CPU
		{7154E36E-9F86-434D-B584-292A2745B0F8}.Debug|Any CPU.ActiveCfg = Debug|Any CPU
		{7154E36E-9F86-434D-B584-292A2745B0F8}.Debug|Any CPU.Build.0 = Debug|Any CPU
		{7154E36E-9F86-434D-B584-292A2745B0F8}.Release|Any CPU.ActiveCfg = Release|Any CPU
		{7154E36E-9F86-434D-B584-292A2745B0F8}.Release|Any CPU.Build.0 = Release|Any CPU
		{90B6987C-5EDA-4BD5-BD0A-BD2DBC0EA116}.Debug|Any CPU.ActiveCfg = Debug|Any CPU
		{90B6987C-5EDA-4BD5-BD0A-BD2DBC0EA116}.Debug|Any CPU.Build.0 = Debug|Any CPU
		{90B6987C-5EDA-4BD5-BD0A-BD2DBC0EA116}.Release|Any CPU.ActiveCfg = Release|Any CPU
		{90B6987C-5EDA-4BD5-BD0A-BD2DBC0EA116}.Release|Any CPU.Build.0 = Release|Any CPU
		{F7744A82-D7F1-46FC-B2A3-9E289C8B31DA}.Debug|Any CPU.ActiveCfg = Debug|Any CPU
		{F7744A82-D7F1-46FC-B2A3-9E289C8B31DA}.Debug|Any CPU.Build.0 = Debug|Any CPU
		{F7744A82-D7F1-46FC-B2A3-9E289C8B31DA}.Release|Any CPU.ActiveCfg = Release|Any CPU
		{F7744A82-D7F1-46FC-B2A3-9E289C8B31DA}.Release|Any CPU.Build.0 = Release|Any CPU
		{5594263E-B55F-4170-9D65-0E90B2FFB682}.Debug|Any CPU.ActiveCfg = Debug|Any CPU
		{5594263E-B55F-4170-9D65-0E90B2FFB682}.Debug|Any CPU.Build.0 = Debug|Any CPU
		{5594263E-B55F-4170-9D65-0E90B2FFB682}.Release|Any CPU.ActiveCfg = Release|Any CPU
		{5594263E-B55F-4170-9D65-0E90B2FFB682}.Release|Any CPU.Build.0 = Release|Any CPU
		{7FC4FF2B-15F9-4563-AA86-A8014EE5FDC3}.Debug|Any CPU.ActiveCfg = Debug|Any CPU
		{7FC4FF2B-15F9-4563-AA86-A8014EE5FDC3}.Debug|Any CPU.Build.0 = Debug|Any CPU
		{7FC4FF2B-15F9-4563-AA86-A8014EE5FDC3}.Release|Any CPU.ActiveCfg = Release|Any CPU
		{7FC4FF2B-15F9-4563-AA86-A8014EE5FDC3}.Release|Any CPU.Build.0 = Release|Any CPU
		{DC3FBFAA-1A9E-47BB-8D53-121A84AC754F}.Debug|Any CPU.ActiveCfg = Debug|Any CPU
		{DC3FBFAA-1A9E-47BB-8D53-121A84AC754F}.Debug|Any CPU.Build.0 = Debug|Any CPU
		{DC3FBFAA-1A9E-47BB-8D53-121A84AC754F}.Release|Any CPU.ActiveCfg = Release|Any CPU
		{DC3FBFAA-1A9E-47BB-8D53-121A84AC754F}.Release|Any CPU.Build.0 = Release|Any CPU
		{C618CBE7-29D6-490A-B2DD-EAB1B25C7618}.Debug|Any CPU.ActiveCfg = Debug|Any CPU
		{C618CBE7-29D6-490A-B2DD-EAB1B25C7618}.Debug|Any CPU.Build.0 = Debug|Any CPU
		{C618CBE7-29D6-490A-B2DD-EAB1B25C7618}.Release|Any CPU.ActiveCfg = Release|Any CPU
		{C618CBE7-29D6-490A-B2DD-EAB1B25C7618}.Release|Any CPU.Build.0 = Release|Any CPU
		{62378B15-5F88-4638-A82C-C2898DC600D3}.Debug|Any CPU.ActiveCfg = Debug|Any CPU
		{62378B15-5F88-4638-A82C-C2898DC600D3}.Debug|Any CPU.Build.0 = Debug|Any CPU
		{62378B15-5F88-4638-A82C-C2898DC600D3}.Release|Any CPU.ActiveCfg = Release|Any CPU
		{62378B15-5F88-4638-A82C-C2898DC600D3}.Release|Any CPU.Build.0 = Release|Any CPU
		{DBF8BC31-90ED-46A3-8229-77DC68D15F78}.Debug|Any CPU.ActiveCfg = Debug|Any CPU
		{DBF8BC31-90ED-46A3-8229-77DC68D15F78}.Debug|Any CPU.Build.0 = Debug|Any CPU
		{DBF8BC31-90ED-46A3-8229-77DC68D15F78}.Release|Any CPU.ActiveCfg = Release|Any CPU
		{DBF8BC31-90ED-46A3-8229-77DC68D15F78}.Release|Any CPU.Build.0 = Release|Any CPU
		{F75D7A69-AD67-4EA1-A820-DDCEA6D5A4C8}.Debug|Any CPU.ActiveCfg = Debug|Any CPU
		{F75D7A69-AD67-4EA1-A820-DDCEA6D5A4C8}.Debug|Any CPU.Build.0 = Debug|Any CPU
		{F75D7A69-AD67-4EA1-A820-DDCEA6D5A4C8}.Release|Any CPU.ActiveCfg = Release|Any CPU
		{F75D7A69-AD67-4EA1-A820-DDCEA6D5A4C8}.Release|Any CPU.Build.0 = Release|Any CPU
	EndGlobalSection
	GlobalSection(SolutionProperties) = preSolution
		HideSolutionNode = FALSE
	EndGlobalSection
	GlobalSection(NestedProjects) = preSolution
		{0B5B36FE-9540-4841-80D6-86343809F827} = {7B638AAF-EE4B-4315-AB4C-28921A3EEF72}
		{F318C09A-57D3-4605-B065-EE437D2017F4} = {7B638AAF-EE4B-4315-AB4C-28921A3EEF72}
		{6FC2AB0B-46EB-4640-BF58-8001E610A06E} = {7B638AAF-EE4B-4315-AB4C-28921A3EEF72}
		{D653B4F2-9BFF-47C5-847B-35640DA6EF28} = {7B638AAF-EE4B-4315-AB4C-28921A3EEF72}
		{FC97C591-35F4-4601-8155-E3F7115DBCFC} = {7B638AAF-EE4B-4315-AB4C-28921A3EEF72}
		{9EDDA39F-78B3-4764-9C7D-84A0C67BE94A} = {7B638AAF-EE4B-4315-AB4C-28921A3EEF72}
		{2728953E-9D54-43E2-82CA-93FC3E976607} = {7B638AAF-EE4B-4315-AB4C-28921A3EEF72}
		{2C21B8F4-8BE3-4A37-A7CE-8F39A3BE7FCF} = {4E29172E-F7A8-4FCC-B6C6-469853C90D13}
		{2B54827F-65B1-4270-8E20-A5D91CF0BDEA} = {2C21B8F4-8BE3-4A37-A7CE-8F39A3BE7FCF}
		{19FA3DF9-BD1F-430E-B3DB-8309D5348130} = {2C21B8F4-8BE3-4A37-A7CE-8F39A3BE7FCF}
		{B63D9C38-2A63-453A-B065-A4A853E88A28} = {2C21B8F4-8BE3-4A37-A7CE-8F39A3BE7FCF}
		{E2AE6C4D-02C7-493E-BF22-90D30DCA27CB} = {2C21B8F4-8BE3-4A37-A7CE-8F39A3BE7FCF}
		{E1918F08-5437-4BC6-9601-56E67DF41348} = {2C21B8F4-8BE3-4A37-A7CE-8F39A3BE7FCF}
		{CBFADCBC-1ADE-42E1-88C9-5CFDB1A1830E} = {2C21B8F4-8BE3-4A37-A7CE-8F39A3BE7FCF}
		{5BA930A7-A0BC-411B-8678-40C50439D68B} = {2C21B8F4-8BE3-4A37-A7CE-8F39A3BE7FCF}
		{8A6C253B-0CC8-4285-81CC-33A412595C29} = {2C21B8F4-8BE3-4A37-A7CE-8F39A3BE7FCF}
		{A945011B-B6F8-4698-87FF-16C40107A244} = {2C21B8F4-8BE3-4A37-A7CE-8F39A3BE7FCF}
		{30A7C850-B55E-4498-8B48-58AC27F89AA5} = {2C21B8F4-8BE3-4A37-A7CE-8F39A3BE7FCF}
		{9390C02B-EF30-4F7C-AD76-E2912E792176} = {2C21B8F4-8BE3-4A37-A7CE-8F39A3BE7FCF}
		{8B705931-430B-4115-B5B8-3D1371694C85} = {2C21B8F4-8BE3-4A37-A7CE-8F39A3BE7FCF}
		{D509DFDA-90AF-43A9-8F9C-5A2A73A9F63C} = {2C21B8F4-8BE3-4A37-A7CE-8F39A3BE7FCF}
		{55545E11-85E3-407E-853F-CB2E1B71FD1A} = {2C21B8F4-8BE3-4A37-A7CE-8F39A3BE7FCF}
		{CE4192DD-5FC9-4355-9573-17FDC45E91BA} = {2C21B8F4-8BE3-4A37-A7CE-8F39A3BE7FCF}
		{8FAD2788-754B-47B8-88A6-BE487D575225} = {D1F1CABC-E1D0-43AA-A3C7-0BAEDE9298CE}
		{908C1B6E-6ED5-4271-814D-04B3C250A416} = {D1F1CABC-E1D0-43AA-A3C7-0BAEDE9298CE}
		{22726882-A9CD-4B83-B6B6-8320F9FE4D2C} = {D1F1CABC-E1D0-43AA-A3C7-0BAEDE9298CE}
		{D1F1CABC-E1D0-43AA-A3C7-0BAEDE9298CE} = {4E29172E-F7A8-4FCC-B6C6-469853C90D13}
		{2EF0DC48-FE28-4512-969E-A6D0AD7378E1} = {D1F1CABC-E1D0-43AA-A3C7-0BAEDE9298CE}
		{0F8760CB-D4CA-4A93-A0FF-9534F7D26EEA} = {D1F1CABC-E1D0-43AA-A3C7-0BAEDE9298CE}
		{8C03062F-2C99-4E15-9F7D-6B3745434A69} = {D1F1CABC-E1D0-43AA-A3C7-0BAEDE9298CE}
		{79BD06BE-745B-4170-BEF4-A924FAA990A2} = {D1F1CABC-E1D0-43AA-A3C7-0BAEDE9298CE}
		{12A98D76-FBE5-49F1-9680-7B2A6AAE8CAF} = {D1F1CABC-E1D0-43AA-A3C7-0BAEDE9298CE}
		{33EE148A-094C-44A8-9EF2-272224235ECC} = {D1F1CABC-E1D0-43AA-A3C7-0BAEDE9298CE}
		{34E17A03-0061-4EC9-9FA7-58E56A788296} = {D1F1CABC-E1D0-43AA-A3C7-0BAEDE9298CE}
		{E14B775C-5814-4750-8AA9-A9D95C2E6430} = {D1F1CABC-E1D0-43AA-A3C7-0BAEDE9298CE}
		{134EF233-1446-41C8-9ED3-5EA740682896} = {D1F1CABC-E1D0-43AA-A3C7-0BAEDE9298CE}
		{41716B93-721C-463C-9CD6-683754B6003E} = {D1F1CABC-E1D0-43AA-A3C7-0BAEDE9298CE}
		{418160FB-9E6C-4022-AFA2-CE10D7BF3739} = {4E29172E-F7A8-4FCC-B6C6-469853C90D13}
		{DA938A04-1A5E-4E70-A7DF-7752C7F50B0C} = {418160FB-9E6C-4022-AFA2-CE10D7BF3739}
		{F3211BA6-4332-4D29-B3FC-CFA306AF7B7F} = {418160FB-9E6C-4022-AFA2-CE10D7BF3739}
		{3DAC70BD-8609-480A-BCBE-19DCA56E3D1A} = {418160FB-9E6C-4022-AFA2-CE10D7BF3739}
		{181078E7-72B6-4925-AF30-FBF97C7A5BE1} = {418160FB-9E6C-4022-AFA2-CE10D7BF3739}
		{1CF9AB60-5A5B-4664-81CC-6B075AA006CB} = {418160FB-9E6C-4022-AFA2-CE10D7BF3739}
		{90F73FCD-E2CA-470D-8C73-AAB7CAE0AB5E} = {418160FB-9E6C-4022-AFA2-CE10D7BF3739}
		{62074351-BD50-4AF0-9456-DB4FAB057B72} = {418160FB-9E6C-4022-AFA2-CE10D7BF3739}
		{90C673E9-5C7F-4F48-B11A-203177CCA28A} = {418160FB-9E6C-4022-AFA2-CE10D7BF3739}
		{6D94BC5E-9F49-4E38-BF58-18AC3C52CB59} = {418160FB-9E6C-4022-AFA2-CE10D7BF3739}
		{00A882BE-AEC0-4976-B6C5-BF4B00E78A24} = {418160FB-9E6C-4022-AFA2-CE10D7BF3739}
		{31AFE81E-EB74-43D6-AA43-57D4854A5836} = {418160FB-9E6C-4022-AFA2-CE10D7BF3739}
		{EFF17D4B-0827-47C0-9625-9761FA80FBF7} = {418160FB-9E6C-4022-AFA2-CE10D7BF3739}
		{20052FB6-075D-4A9D-89DE-601F5B2138C8} = {418160FB-9E6C-4022-AFA2-CE10D7BF3739}
		{0C79B089-E50B-4EDE-8FED-10F52FA6C6B1} = {418160FB-9E6C-4022-AFA2-CE10D7BF3739}
		{069136D5-0756-4257-9D11-08B5B378B34D} = {418160FB-9E6C-4022-AFA2-CE10D7BF3739}
		{3103F927-56DA-498C-BCE4-3B452ECD8D66} = {418160FB-9E6C-4022-AFA2-CE10D7BF3739}
		{55B181D5-000C-4D09-B41D-155155B53662} = {418160FB-9E6C-4022-AFA2-CE10D7BF3739}
		{9645C95E-73D7-4EEB-8699-ABB26C166493} = {418160FB-9E6C-4022-AFA2-CE10D7BF3739}
		{844B0312-655A-4FF7-94F3-5DF619BE5DE5} = {4E29172E-F7A8-4FCC-B6C6-469853C90D13}
		{DDEF19C9-6E58-400C-AEC6-24ED261B1DDC} = {844B0312-655A-4FF7-94F3-5DF619BE5DE5}
		{34ACDB4F-81AF-457A-A3F2-FB859CD5333A} = {418160FB-9E6C-4022-AFA2-CE10D7BF3739}
		{B1F7FBA8-17BF-43CD-9707-C2943B10970F} = {844B0312-655A-4FF7-94F3-5DF619BE5DE5}
		{224A9028-1B31-4D44-ABFB-F9104A1DB13D} = {418160FB-9E6C-4022-AFA2-CE10D7BF3739}
		{DFE22B05-DEC7-4E85-AC8C-551BEB3D9BB3} = {418160FB-9E6C-4022-AFA2-CE10D7BF3739}
		{19F36DBE-5120-46FA-B730-4FC6F67AB22C} = {844B0312-655A-4FF7-94F3-5DF619BE5DE5}
		{02E94ACC-9940-4CC7-B5B9-2100F4A15FB6} = {844B0312-655A-4FF7-94F3-5DF619BE5DE5}
		{1F4329D2-2A9C-4CDA-AFA3-63D6D711CDC9} = {844B0312-655A-4FF7-94F3-5DF619BE5DE5}
		{880500E8-DB51-47E3-AB68-FB7AD97B6C22} = {844B0312-655A-4FF7-94F3-5DF619BE5DE5}
		{9B61A3FF-0C6E-46B1-8A0D-31894FAA94CD} = {844B0312-655A-4FF7-94F3-5DF619BE5DE5}
		{934316F6-BC48-4CF1-831A-F848DC28F892} = {844B0312-655A-4FF7-94F3-5DF619BE5DE5}
		{904119A3-C05A-4E83-A575-A0495161B305} = {844B0312-655A-4FF7-94F3-5DF619BE5DE5}
		{4BF43B61-4372-4E75-B542-0C72323F4330} = {844B0312-655A-4FF7-94F3-5DF619BE5DE5}
		{81D6AF75-CDB1-4703-B6CE-B46910BFC5BA} = {844B0312-655A-4FF7-94F3-5DF619BE5DE5}
		{A0168B49-E0FF-45EA-9E1F-D1FAFC814898} = {844B0312-655A-4FF7-94F3-5DF619BE5DE5}
		{A93E6330-6B7F-4C35-B27B-8D290D4EE521} = {4E29172E-F7A8-4FCC-B6C6-469853C90D13}
		{59E79185-D974-483D-BF6C-10AA84E95BC5} = {A93E6330-6B7F-4C35-B27B-8D290D4EE521}
		{5A3EE996-48A0-4011-AAA1-21A6390B2BD6} = {A93E6330-6B7F-4C35-B27B-8D290D4EE521}
		{8AF6F5D8-F22F-45EC-836F-1F9304CB3748} = {A93E6330-6B7F-4C35-B27B-8D290D4EE521}
		{5D358191-106C-4B71-B91C-733BF10343E4} = {A93E6330-6B7F-4C35-B27B-8D290D4EE521}
		{1C00EFD7-F887-4FDC-9113-9B7C9E5E43ED} = {A93E6330-6B7F-4C35-B27B-8D290D4EE521}
		{724B8D59-F6F7-4210-8947-E6637D606133} = {A93E6330-6B7F-4C35-B27B-8D290D4EE521}
		{D62D289B-3DA8-4155-95C1-408977FD9B60} = {A93E6330-6B7F-4C35-B27B-8D290D4EE521}
		{A98C963D-3A7A-40D5-8640-41A74CF2846E} = {A93E6330-6B7F-4C35-B27B-8D290D4EE521}
		{9D3C7EF8-C5BA-43DC-AEB3-EDBAB8B298BD} = {4E29172E-F7A8-4FCC-B6C6-469853C90D13}
		{6340A9EC-497A-4179-9167-2443456DB93F} = {9D3C7EF8-C5BA-43DC-AEB3-EDBAB8B298BD}
		{00F83E41-E445-4C41-9BC3-20320DE19B5B} = {9D3C7EF8-C5BA-43DC-AEB3-EDBAB8B298BD}
		{7154E36E-9F86-434D-B584-292A2745B0F8} = {9D3C7EF8-C5BA-43DC-AEB3-EDBAB8B298BD}
		{90B6987C-5EDA-4BD5-BD0A-BD2DBC0EA116} = {9D3C7EF8-C5BA-43DC-AEB3-EDBAB8B298BD}
		{F7744A82-D7F1-46FC-B2A3-9E289C8B31DA} = {9D3C7EF8-C5BA-43DC-AEB3-EDBAB8B298BD}
		{5594263E-B55F-4170-9D65-0E90B2FFB682} = {9D3C7EF8-C5BA-43DC-AEB3-EDBAB8B298BD}
		{7FC4FF2B-15F9-4563-AA86-A8014EE5FDC3} = {9D3C7EF8-C5BA-43DC-AEB3-EDBAB8B298BD}
		{DC3FBFAA-1A9E-47BB-8D53-121A84AC754F} = {7B638AAF-EE4B-4315-AB4C-28921A3EEF72}
		{C618CBE7-29D6-490A-B2DD-EAB1B25C7618} = {9D3C7EF8-C5BA-43DC-AEB3-EDBAB8B298BD}
		{62378B15-5F88-4638-A82C-C2898DC600D3} = {9D3C7EF8-C5BA-43DC-AEB3-EDBAB8B298BD}
		{DBF8BC31-90ED-46A3-8229-77DC68D15F78} = {9D3C7EF8-C5BA-43DC-AEB3-EDBAB8B298BD}
		{F75D7A69-AD67-4EA1-A820-DDCEA6D5A4C8} = {9D3C7EF8-C5BA-43DC-AEB3-EDBAB8B298BD}
	EndGlobalSection
	GlobalSection(ExtensibilityGlobals) = postSolution
		SolutionGuid = {0695D49E-2EBF-4379-894D-9A06F0913BC3}
	EndGlobalSection
EndGlobal
